
Microsoft Visual Studio Solution File, Format Version 12.00
# Visual Studio Version 17
VisualStudioVersion = 17.10.34928.147
MinimumVisualStudioVersion = 10.0.40219.1
Project("{FAE04EC0-301F-11D3-BF4B-00C04F79EFBC}") = "Iguaman", "Iguaman.csproj", "{CDF4429F-E2B0-4DD4-8499-DF52E89D3DD7}"
EndProject
Global
	GlobalSection(SolutionConfigurationPlatforms) = preSolution
		Debug|Any CPU = Debug|Any CPU
		Release|Any CPU = Release|Any CPU
	EndGlobalSection
	GlobalSection(ProjectConfigurationPlatforms) = postSolution
		{CDF4429F-E2B0-4DD4-8499-DF52E89D3DD7}.Debug|Any CPU.ActiveCfg = Debug|Any CPU
		{CDF4429F-E2B0-4DD4-8499-DF52E89D3DD7}.Debug|Any CPU.Build.0 = Debug|Any CPU
		{CDF4429F-E2B0-4DD4-8499-DF52E89D3DD7}.Release|Any CPU.ActiveCfg = Release|Any CPU
		{CDF4429F-E2B0-4DD4-8499-DF52E89D3DD7}.Release|Any CPU.Build.0 = Release|Any CPU
	EndGlobalSection
	GlobalSection(SolutionProperties) = preSolution
		HideSolutionNode = FALSE
	EndGlobalSection
	GlobalSection(ExtensibilityGlobals) = postSolution
		SolutionGuid = {4B14AA6B-DFE2-4C5C-95E4-635386C2D45C}
	EndGlobalSection
EndGlobal
